
Microsoft Visual Studio Solution File, Format Version 12.00
# Visual Studio 15
VisualStudioVersion = 15.0.27703.2035
MinimumVisualStudioVersion = 10.0.40219.1
Project("{2150E333-8FDC-42A3-9474-1A3956D46DE8}") = "0-Modeling, Design and Documentation", "0-Modeling, Design and Documentation", "{5978ACDF-DBA1-4A1E-BBCF-3E808888C513}"
EndProject
Project("{2150E333-8FDC-42A3-9474-1A3956D46DE8}") = "1-Layers", "1-Layers", "{0BFB2DCF-C4D2-40BD-B514-A8AC5D261206}"
EndProject
Project("{2150E333-8FDC-42A3-9474-1A3956D46DE8}") = "1.1-Presentation", "1.1-Presentation", "{6D484C9C-490F-4AD1-97AC-8BDA1759E22C}"
EndProject
Project("{2150E333-8FDC-42A3-9474-1A3956D46DE8}") = "1.2-Distributed Services", "1.2-Distributed Services", "{B1176B17-C689-4B43-A65C-FC823BCBBBAA}"
EndProject
Project("{2150E333-8FDC-42A3-9474-1A3956D46DE8}") = "1.3-Application", "1.3-Application", "{B8BB2699-A9F1-4DA1-BB6E-C5660792E8FF}"
EndProject
Project("{2150E333-8FDC-42A3-9474-1A3956D46DE8}") = "1.4-Domain", "1.4-Domain", "{5AA7A2B8-9917-47E0-A5D8-04A45B4C8359}"
EndProject
Project("{2150E333-8FDC-42A3-9474-1A3956D46DE8}") = "1.5-Infrastructure", "1.5-Infrastructure", "{288C7049-CF55-4325-B2F6-8AA3BE9D55B1}"
EndProject
Project("{2150E333-8FDC-42A3-9474-1A3956D46DE8}") = "2-Performance Test", "2-Performance Test", "{50095CFB-6E7B-4A47-A78B-B129AAED30E4}"
EndProject
Project("{2150E333-8FDC-42A3-9474-1A3956D46DE8}") = "3-Thirdy", "3-Thirdy", "{9CABC3FE-496A-4C84-A9E5-7C177733C05A}"
EndProject
Project("{2150E333-8FDC-42A3-9474-1A3956D46DE8}") = "Agents", "Agents", "{9D60AC59-A46B-4922-8609-98ADBDBE4352}"
EndProject
Project("{2150E333-8FDC-42A3-9474-1A3956D46DE8}") = "CrossCutting", "CrossCutting", "{A0794C12-2916-4AEC-8F75-3C4E49D74922}"
EndProject
Project("{2150E333-8FDC-42A3-9474-1A3956D46DE8}") = "Data", "Data", "{4412F4A8-D9AD-4CD5-83D1-8B78EF5C83E5}"
EndProject
Project("{2150E333-8FDC-42A3-9474-1A3956D46DE8}") = "Security", "Security", "{3488CE42-5F60-4773-85FD-0B7CF7B1842D}"
EndProject
Project("{2150E333-8FDC-42A3-9474-1A3956D46DE8}") = "Transport", "Transport", "{A355BB54-B215-461C-A0F9-B5A1E350A54D}"
EndProject
Project("{9A19103F-16F7-4668-BE54-9A1E7A4F7556}") = "RoleWebApi.Security.API", "1-Layers\1.2-Distributed Services\RoleWebApi.Security.API\RoleWebApi.Security.API.csproj", "{E0DE1F30-F73F-42AE-BC67-3F6560A054D3}"
EndProject
Project("{9A19103F-16F7-4668-BE54-9A1E7A4F7556}") = "RoleWebApi.Infrastructure.CrossCutting", "1-Layers\1.5-Infrastructure\CrossCutting\RoleWebApi.Infrastructure.CrossCutting\RoleWebApi.Infrastructure.CrossCutting.csproj", "{A8BF2BCA-DF14-4065-9045-82A291AF19F2}"
EndProject
Project("{9A19103F-16F7-4668-BE54-9A1E7A4F7556}") = "RoleWebApi.Infrastructure.CrossCutting.DTO", "1-Layers\1.5-Infrastructure\CrossCutting\RoleWebApi.Infrastructure.CrossCutting.DTO\RoleWebApi.Infrastructure.CrossCutting.DTO.csproj", "{6CDB574E-D56F-4890-896D-EE5847E62C1B}"
EndProject
Project("{9A19103F-16F7-4668-BE54-9A1E7A4F7556}") = "RoleWebApi.Infrastructure.Transport", "1-Layers\1.5-Infrastructure\Transport\RoleWebApi.Infrastructure.Transport\RoleWebApi.Infrastructure.Transport.csproj", "{5BC039B1-E716-463A-AF9B-8552792D39CE}"
EndProject
Project("{9A19103F-16F7-4668-BE54-9A1E7A4F7556}") = "RoleWebApi.Application.Context", "1-Layers\1.3-Application\RoleWebApi.Application.Context\RoleWebApi.Application.Context.csproj", "{07A76018-F448-497B-8E7C-086D568006C2}"
EndProject
Project("{9A19103F-16F7-4668-BE54-9A1E7A4F7556}") = "RoleWebApi.Information.API", "1-Layers\1.2-Distributed Services\RoleWebApi.Information.API\RoleWebApi.Information.API.csproj", "{491A7DE0-B0BC-4649-AFE8-1BB3ED7AE30A}"
EndProject
Project("{9A19103F-16F7-4668-BE54-9A1E7A4F7556}") = "RoleWebApi.Infrastructure.Security", "1-Layers\1.5-Infrastructure\Security\RoleWebApi.Infrastructure.Security\RoleWebApi.Infrastructure.Security.csproj", "{B5E4B547-AE0C-47D3-9DAA-5DD5E029585D}"
EndProject
Project("{9A19103F-16F7-4668-BE54-9A1E7A4F7556}") = "RoleWebApi.Infrastructure.Data.Context", "1-Layers\1.5-Infrastructure\Data\RoleWebApi.Infrastructure.Data.Context\RoleWebApi.Infrastructure.Data.Context.csproj", "{0691EAE7-8AD5-4BF9-BBC9-4BC105DDB2C7}"
EndProject
Project("{9A19103F-16F7-4668-BE54-9A1E7A4F7556}") = "RoleWebApi.Infrastructure.Data.Core", "1-Layers\1.5-Infrastructure\Data\RoleWebApi.Infrastructure.Data.Core\RoleWebApi.Infrastructure.Data.Core.csproj", "{7F5A002E-B70D-4E74-87B9-5F2EB4F96A8A}"
EndProject
Project("{9A19103F-16F7-4668-BE54-9A1E7A4F7556}") = "RoleWebApi.Infrastructure.Data.Entity", "1-Layers\1.5-Infrastructure\Data\RoleWebApi.Infrastructure.Data.Entity\RoleWebApi.Infrastructure.Data.Entity.csproj", "{CB16E643-8C28-46F6-B2AF-B705A6E22068}"
EndProject
Project("{9A19103F-16F7-4668-BE54-9A1E7A4F7556}") = "RoleWebApi.Application.Core", "1-Layers\1.3-Application\RoleWebApi.Application.Core\RoleWebApi.Application.Core.csproj", "{F6355B0B-E258-488A-A885-6939F495DD7D}"
EndProject
Project("{9A19103F-16F7-4668-BE54-9A1E7A4F7556}") = "RoleWebApi.Client.Web", "1-Layers\1.1-Presentation\RoleWebApi.Client.Web\RoleWebApi.Client.Web.csproj", "{F02E3E84-736C-4883-825A-DD330C290F3A}"
EndProject
Project("{FAE04EC0-301F-11D3-BF4B-00C04F79EFBC}") = "RoleWebApi.Information.API.Test", "2-Performance Test\RoleWebApi.Information.API.Test\RoleWebApi.Information.API.Test.csproj", "{DEA74A9F-0C1E-4416-A199-70A5F4D8ED4D}"
EndProject
Global
	GlobalSection(SolutionConfigurationPlatforms) = preSolution
		Debug|Any CPU = Debug|Any CPU
		Release|Any CPU = Release|Any CPU
	EndGlobalSection
	GlobalSection(ProjectConfigurationPlatforms) = postSolution
		{E0DE1F30-F73F-42AE-BC67-3F6560A054D3}.Debug|Any CPU.ActiveCfg = Debug|Any CPU
		{E0DE1F30-F73F-42AE-BC67-3F6560A054D3}.Debug|Any CPU.Build.0 = Debug|Any CPU
		{E0DE1F30-F73F-42AE-BC67-3F6560A054D3}.Release|Any CPU.ActiveCfg = Release|Any CPU
		{E0DE1F30-F73F-42AE-BC67-3F6560A054D3}.Release|Any CPU.Build.0 = Release|Any CPU
		{A8BF2BCA-DF14-4065-9045-82A291AF19F2}.Debug|Any CPU.ActiveCfg = Debug|Any CPU
		{A8BF2BCA-DF14-4065-9045-82A291AF19F2}.Debug|Any CPU.Build.0 = Debug|Any CPU
		{A8BF2BCA-DF14-4065-9045-82A291AF19F2}.Release|Any CPU.ActiveCfg = Release|Any CPU
		{A8BF2BCA-DF14-4065-9045-82A291AF19F2}.Release|Any CPU.Build.0 = Release|Any CPU
		{6CDB574E-D56F-4890-896D-EE5847E62C1B}.Debug|Any CPU.ActiveCfg = Debug|Any CPU
		{6CDB574E-D56F-4890-896D-EE5847E62C1B}.Debug|Any CPU.Build.0 = Debug|Any CPU
		{6CDB574E-D56F-4890-896D-EE5847E62C1B}.Release|Any CPU.ActiveCfg = Release|Any CPU
		{6CDB574E-D56F-4890-896D-EE5847E62C1B}.Release|Any CPU.Build.0 = Release|Any CPU
		{5BC039B1-E716-463A-AF9B-8552792D39CE}.Debug|Any CPU.ActiveCfg = Debug|Any CPU
		{5BC039B1-E716-463A-AF9B-8552792D39CE}.Debug|Any CPU.Build.0 = Debug|Any CPU
		{5BC039B1-E716-463A-AF9B-8552792D39CE}.Release|Any CPU.ActiveCfg = Release|Any CPU
		{5BC039B1-E716-463A-AF9B-8552792D39CE}.Release|Any CPU.Build.0 = Release|Any CPU
		{07A76018-F448-497B-8E7C-086D568006C2}.Debug|Any CPU.ActiveCfg = Debug|Any CPU
		{07A76018-F448-497B-8E7C-086D568006C2}.Debug|Any CPU.Build.0 = Debug|Any CPU
		{07A76018-F448-497B-8E7C-086D568006C2}.Release|Any CPU.ActiveCfg = Release|Any CPU
		{07A76018-F448-497B-8E7C-086D568006C2}.Release|Any CPU.Build.0 = Release|Any CPU
		{491A7DE0-B0BC-4649-AFE8-1BB3ED7AE30A}.Debug|Any CPU.ActiveCfg = Debug|Any CPU
		{491A7DE0-B0BC-4649-AFE8-1BB3ED7AE30A}.Debug|Any CPU.Build.0 = Debug|Any CPU
		{491A7DE0-B0BC-4649-AFE8-1BB3ED7AE30A}.Release|Any CPU.ActiveCfg = Release|Any CPU
		{491A7DE0-B0BC-4649-AFE8-1BB3ED7AE30A}.Release|Any CPU.Build.0 = Release|Any CPU
		{B5E4B547-AE0C-47D3-9DAA-5DD5E029585D}.Debug|Any CPU.ActiveCfg = Debug|Any CPU
		{B5E4B547-AE0C-47D3-9DAA-5DD5E029585D}.Debug|Any CPU.Build.0 = Debug|Any CPU
		{B5E4B547-AE0C-47D3-9DAA-5DD5E029585D}.Release|Any CPU.ActiveCfg = Release|Any CPU
		{B5E4B547-AE0C-47D3-9DAA-5DD5E029585D}.Release|Any CPU.Build.0 = Release|Any CPU
		{0691EAE7-8AD5-4BF9-BBC9-4BC105DDB2C7}.Debug|Any CPU.ActiveCfg = Debug|Any CPU
		{0691EAE7-8AD5-4BF9-BBC9-4BC105DDB2C7}.Debug|Any CPU.Build.0 = Debug|Any CPU
		{0691EAE7-8AD5-4BF9-BBC9-4BC105DDB2C7}.Release|Any CPU.ActiveCfg = Release|Any CPU
		{0691EAE7-8AD5-4BF9-BBC9-4BC105DDB2C7}.Release|Any CPU.Build.0 = Release|Any CPU
		{7F5A002E-B70D-4E74-87B9-5F2EB4F96A8A}.Debug|Any CPU.ActiveCfg = Debug|Any CPU
		{7F5A002E-B70D-4E74-87B9-5F2EB4F96A8A}.Debug|Any CPU.Build.0 = Debug|Any CPU
		{7F5A002E-B70D-4E74-87B9-5F2EB4F96A8A}.Release|Any CPU.ActiveCfg = Release|Any CPU
		{7F5A002E-B70D-4E74-87B9-5F2EB4F96A8A}.Release|Any CPU.Build.0 = Release|Any CPU
		{CB16E643-8C28-46F6-B2AF-B705A6E22068}.Debug|Any CPU.ActiveCfg = Debug|Any CPU
		{CB16E643-8C28-46F6-B2AF-B705A6E22068}.Debug|Any CPU.Build.0 = Debug|Any CPU
		{CB16E643-8C28-46F6-B2AF-B705A6E22068}.Release|Any CPU.ActiveCfg = Release|Any CPU
		{CB16E643-8C28-46F6-B2AF-B705A6E22068}.Release|Any CPU.Build.0 = Release|Any CPU
		{F6355B0B-E258-488A-A885-6939F495DD7D}.Debug|Any CPU.ActiveCfg = Debug|Any CPU
		{F6355B0B-E258-488A-A885-6939F495DD7D}.Debug|Any CPU.Build.0 = Debug|Any CPU
		{F6355B0B-E258-488A-A885-6939F495DD7D}.Release|Any CPU.ActiveCfg = Release|Any CPU
		{F6355B0B-E258-488A-A885-6939F495DD7D}.Release|Any CPU.Build.0 = Release|Any CPU
		{F02E3E84-736C-4883-825A-DD330C290F3A}.Debug|Any CPU.ActiveCfg = Debug|Any CPU
		{F02E3E84-736C-4883-825A-DD330C290F3A}.Debug|Any CPU.Build.0 = Debug|Any CPU
		{F02E3E84-736C-4883-825A-DD330C290F3A}.Release|Any CPU.ActiveCfg = Release|Any CPU
		{F02E3E84-736C-4883-825A-DD330C290F3A}.Release|Any CPU.Build.0 = Release|Any CPU
		{DEA74A9F-0C1E-4416-A199-70A5F4D8ED4D}.Debug|Any CPU.ActiveCfg = Debug|Any CPU
		{DEA74A9F-0C1E-4416-A199-70A5F4D8ED4D}.Debug|Any CPU.Build.0 = Debug|Any CPU
		{DEA74A9F-0C1E-4416-A199-70A5F4D8ED4D}.Release|Any CPU.ActiveCfg = Release|Any CPU
		{DEA74A9F-0C1E-4416-A199-70A5F4D8ED4D}.Release|Any CPU.Build.0 = Release|Any CPU
	EndGlobalSection
	GlobalSection(SolutionProperties) = preSolution
		HideSolutionNode = FALSE
	EndGlobalSection
	GlobalSection(NestedProjects) = preSolution
		{6D484C9C-490F-4AD1-97AC-8BDA1759E22C} = {0BFB2DCF-C4D2-40BD-B514-A8AC5D261206}
		{B1176B17-C689-4B43-A65C-FC823BCBBBAA} = {0BFB2DCF-C4D2-40BD-B514-A8AC5D261206}
		{B8BB2699-A9F1-4DA1-BB6E-C5660792E8FF} = {0BFB2DCF-C4D2-40BD-B514-A8AC5D261206}
		{5AA7A2B8-9917-47E0-A5D8-04A45B4C8359} = {0BFB2DCF-C4D2-40BD-B514-A8AC5D261206}
		{288C7049-CF55-4325-B2F6-8AA3BE9D55B1} = {0BFB2DCF-C4D2-40BD-B514-A8AC5D261206}
		{9D60AC59-A46B-4922-8609-98ADBDBE4352} = {288C7049-CF55-4325-B2F6-8AA3BE9D55B1}
		{A0794C12-2916-4AEC-8F75-3C4E49D74922} = {288C7049-CF55-4325-B2F6-8AA3BE9D55B1}
		{4412F4A8-D9AD-4CD5-83D1-8B78EF5C83E5} = {288C7049-CF55-4325-B2F6-8AA3BE9D55B1}
		{3488CE42-5F60-4773-85FD-0B7CF7B1842D} = {288C7049-CF55-4325-B2F6-8AA3BE9D55B1}
		{A355BB54-B215-461C-A0F9-B5A1E350A54D} = {288C7049-CF55-4325-B2F6-8AA3BE9D55B1}
		{E0DE1F30-F73F-42AE-BC67-3F6560A054D3} = {B1176B17-C689-4B43-A65C-FC823BCBBBAA}
		{A8BF2BCA-DF14-4065-9045-82A291AF19F2} = {A0794C12-2916-4AEC-8F75-3C4E49D74922}
		{6CDB574E-D56F-4890-896D-EE5847E62C1B} = {A0794C12-2916-4AEC-8F75-3C4E49D74922}
		{5BC039B1-E716-463A-AF9B-8552792D39CE} = {A355BB54-B215-461C-A0F9-B5A1E350A54D}
		{07A76018-F448-497B-8E7C-086D568006C2} = {B8BB2699-A9F1-4DA1-BB6E-C5660792E8FF}
		{491A7DE0-B0BC-4649-AFE8-1BB3ED7AE30A} = {B1176B17-C689-4B43-A65C-FC823BCBBBAA}
		{B5E4B547-AE0C-47D3-9DAA-5DD5E029585D} = {3488CE42-5F60-4773-85FD-0B7CF7B1842D}
		{0691EAE7-8AD5-4BF9-BBC9-4BC105DDB2C7} = {4412F4A8-D9AD-4CD5-83D1-8B78EF5C83E5}
		{7F5A002E-B70D-4E74-87B9-5F2EB4F96A8A} = {4412F4A8-D9AD-4CD5-83D1-8B78EF5C83E5}
		{CB16E643-8C28-46F6-B2AF-B705A6E22068} = {4412F4A8-D9AD-4CD5-83D1-8B78EF5C83E5}
		{F6355B0B-E258-488A-A885-6939F495DD7D} = {B8BB2699-A9F1-4DA1-BB6E-C5660792E8FF}
		{F02E3E84-736C-4883-825A-DD330C290F3A} = {6D484C9C-490F-4AD1-97AC-8BDA1759E22C}
		{DEA74A9F-0C1E-4416-A199-70A5F4D8ED4D} = {50095CFB-6E7B-4A47-A78B-B129AAED30E4}
	EndGlobalSection
	GlobalSection(ExtensibilityGlobals) = postSolution
		SolutionGuid = {CA712AFF-EF49-458B-9F6E-AFAB58924873}
	EndGlobalSection
EndGlobal
